// !$*UTF8*$!
{
	archiveVersion = 1;
	classes = {
	};
	objectVersion = 56;
	objects = {

/* Begin PBXBuildFile section */
		E63BD9232A8CFE9B008C292D /* AnimalsListRowView.swift in Sources */ = {isa = PBXBuildFile; fileRef = E63BD9222A8CFE9B008C292D /* AnimalsListRowView.swift */; };
		E63BD9252A8CFECD008C292D /* AnimalModel.swift in Sources */ = {isa = PBXBuildFile; fileRef = E63BD9242A8CFECD008C292D /* AnimalModel.swift */; };
		E63BD9292A8D124E008C292D /* DefaultButtonStyle.swift in Sources */ = {isa = PBXBuildFile; fileRef = E63BD9282A8D124E008C292D /* DefaultButtonStyle.swift */; };
		E65B49B62A950781006E7EFC /* VideoModel.swift in Sources */ = {isa = PBXBuildFile; fileRef = E65B49B52A950781006E7EFC /* VideoModel.swift */; };
		E65B49B82A950826006E7EFC /* ModelSamples.swift in Sources */ = {isa = PBXBuildFile; fileRef = E65B49B72A950826006E7EFC /* ModelSamples.swift */; };
		E65B49BA2A950FA4006E7EFC /* VideoUseCase.swift in Sources */ = {isa = PBXBuildFile; fileRef = E65B49B92A950FA4006E7EFC /* VideoUseCase.swift */; };
		E65B49BC2A9515B5006E7EFC /* VideoListViewModel.swift in Sources */ = {isa = PBXBuildFile; fileRef = E65B49BB2A9515B5006E7EFC /* VideoListViewModel.swift */; };
		E67454AB2A9900AE00582876 /* VideoPlayerHelper.swift in Sources */ = {isa = PBXBuildFile; fileRef = E67454AA2A9900AE00582876 /* VideoPlayerHelper.swift */; };
		E67454AD2A99022000582876 /* VideoPlayerView.swift in Sources */ = {isa = PBXBuildFile; fileRef = E67454AC2A99022000582876 /* VideoPlayerView.swift */; };
		E677EC672A93CDC100A53AAF /* AnimalDetailView.swift in Sources */ = {isa = PBXBuildFile; fileRef = E677EC662A93CDC100A53AAF /* AnimalDetailView.swift */; };
		E677EC6B2A93D34C00A53AAF /* HeadingView.swift in Sources */ = {isa = PBXBuildFile; fileRef = E677EC6A2A93D34C00A53AAF /* HeadingView.swift */; };
		E677EC6D2A93D71500A53AAF /* InsetGalleryView.swift in Sources */ = {isa = PBXBuildFile; fileRef = E677EC6C2A93D71500A53AAF /* InsetGalleryView.swift */; };
		E677EC6F2A93EF5C00A53AAF /* FactsInsetView.swift in Sources */ = {isa = PBXBuildFile; fileRef = E677EC6E2A93EF5C00A53AAF /* FactsInsetView.swift */; };
		E677EC712A93F2F700A53AAF /* InsetMapView.swift in Sources */ = {isa = PBXBuildFile; fileRef = E677EC702A93F2F700A53AAF /* InsetMapView.swift */; };
		E677EC732A93F9EC00A53AAF /* ExternalWeblinkView.swift in Sources */ = {isa = PBXBuildFile; fileRef = E677EC722A93F9EC00A53AAF /* ExternalWeblinkView.swift */; };
		E69CC8AA2A8684E200D3AE08 /* AfricaApp.swift in Sources */ = {isa = PBXBuildFile; fileRef = E69CC8A92A8684E200D3AE08 /* AfricaApp.swift */; };
		E69CC8AE2A8684E300D3AE08 /* Assets.xcassets in Resources */ = {isa = PBXBuildFile; fileRef = E69CC8AD2A8684E300D3AE08 /* Assets.xcassets */; };
		E69CC8B12A8684E300D3AE08 /* Preview Assets.xcassets in Resources */ = {isa = PBXBuildFile; fileRef = E69CC8B02A8684E300D3AE08 /* Preview Assets.xcassets */; };
		E6D517152A8ABB7000FBA0B7 /* LoaderView.swift in Sources */ = {isa = PBXBuildFile; fileRef = E6D517142A8ABB7000FBA0B7 /* LoaderView.swift */; };
		E6D517172A8BE5EE00FBA0B7 /* ErrorView.swift in Sources */ = {isa = PBXBuildFile; fileRef = E6D517162A8BE5EE00FBA0B7 /* ErrorView.swift */; };
		E6E456B22A952DEF009BB8CF /* VideoListItemView.swift in Sources */ = {isa = PBXBuildFile; fileRef = E6E456B12A952DEF009BB8CF /* VideoListItemView.swift */; };
		E6EA4CBB2A992DAC002D3900 /* MapViewModel.swift in Sources */ = {isa = PBXBuildFile; fileRef = E6EA4CBA2A992DAC002D3900 /* MapViewModel.swift */; };
		E6EA4CBD2A992E6E002D3900 /* LocationUseCase.swift in Sources */ = {isa = PBXBuildFile; fileRef = E6EA4CBC2A992E6E002D3900 /* LocationUseCase.swift */; };
		E6EA4CBF2A992EEC002D3900 /* ParkLocationModel.swift in Sources */ = {isa = PBXBuildFile; fileRef = E6EA4CBE2A992EEC002D3900 /* ParkLocationModel.swift */; };
		E6EA4CC12A9935ED002D3900 /* MapAnotationView.swift in Sources */ = {isa = PBXBuildFile; fileRef = E6EA4CC02A9935ED002D3900 /* MapAnotationView.swift */; };
		E6FD569B2A86858300C0BB94 /* animals.json in Resources */ = {isa = PBXBuildFile; fileRef = E6FD56972A86858300C0BB94 /* animals.json */; };
		E6FD569C2A86858300C0BB94 /* locations.json in Resources */ = {isa = PBXBuildFile; fileRef = E6FD56982A86858300C0BB94 /* locations.json */; };
		E6FD569D2A86858300C0BB94 /* videos.json in Resources */ = {isa = PBXBuildFile; fileRef = E6FD56992A86858300C0BB94 /* videos.json */; };
		E6FD569E2A86858300C0BB94 /* covers.json in Resources */ = {isa = PBXBuildFile; fileRef = E6FD569A2A86858300C0BB94 /* covers.json */; };
		E6FD56A22A8687A500C0BB94 /* MainTabView.swift in Sources */ = {isa = PBXBuildFile; fileRef = E6FD56A12A8687A500C0BB94 /* MainTabView.swift */; };
		E6FD56A42A8687DF00C0BB94 /* BrowseView.swift in Sources */ = {isa = PBXBuildFile; fileRef = E6FD56A32A8687DF00C0BB94 /* BrowseView.swift */; };
		E6FD56A62A8687F900C0BB94 /* VideoListView.swift in Sources */ = {isa = PBXBuildFile; fileRef = E6FD56A52A8687F900C0BB94 /* VideoListView.swift */; };
		E6FD56A82A86880200C0BB94 /* MapView.swift in Sources */ = {isa = PBXBuildFile; fileRef = E6FD56A72A86880200C0BB94 /* MapView.swift */; };
		E6FD56AA2A86883900C0BB94 /* GalleryView.swift in Sources */ = {isa = PBXBuildFile; fileRef = E6FD56A92A86883900C0BB94 /* GalleryView.swift */; };
		E6FD56BB2A868DAB00C0BB94 /* lion.mp4 in Resources */ = {isa = PBXBuildFile; fileRef = E6FD56B12A868DA900C0BB94 /* lion.mp4 */; };
		E6FD56BC2A868DAB00C0BB94 /* cheetah.mp4 in Resources */ = {isa = PBXBuildFile; fileRef = E6FD56B22A868DA900C0BB94 /* cheetah.mp4 */; };
		E6FD56BD2A868DAB00C0BB94 /* gorilla.mp4 in Resources */ = {isa = PBXBuildFile; fileRef = E6FD56B32A868DA900C0BB94 /* gorilla.mp4 */; };
		E6FD56BE2A868DAB00C0BB94 /* giraffe.mp4 in Resources */ = {isa = PBXBuildFile; fileRef = E6FD56B42A868DA900C0BB94 /* giraffe.mp4 */; };
		E6FD56BF2A868DAB00C0BB94 /* lioness.mp4 in Resources */ = {isa = PBXBuildFile; fileRef = E6FD56B52A868DAA00C0BB94 /* lioness.mp4 */; };
		E6FD56C02A868DAB00C0BB94 /* rhino.mp4 in Resources */ = {isa = PBXBuildFile; fileRef = E6FD56B62A868DAA00C0BB94 /* rhino.mp4 */; };
		E6FD56C12A868DAB00C0BB94 /* elephant.mp4 in Resources */ = {isa = PBXBuildFile; fileRef = E6FD56B72A868DAA00C0BB94 /* elephant.mp4 */; };
		E6FD56C22A868DAB00C0BB94 /* zebra.mp4 in Resources */ = {isa = PBXBuildFile; fileRef = E6FD56B82A868DAA00C0BB94 /* zebra.mp4 */; };
		E6FD56C32A868DAB00C0BB94 /* hippo.mp4 in Resources */ = {isa = PBXBuildFile; fileRef = E6FD56B92A868DAB00C0BB94 /* hippo.mp4 */; };
		E6FD56C42A868DAB00C0BB94 /* ostrich.mp4 in Resources */ = {isa = PBXBuildFile; fileRef = E6FD56BA2A868DAB00C0BB94 /* ostrich.mp4 */; };
		E6FD56C82A8691A400C0BB94 /* LaunchScreen.storyboard in Resources */ = {isa = PBXBuildFile; fileRef = E6FD56C72A8691A400C0BB94 /* LaunchScreen.storyboard */; };
		E6FD56CB2A86E3A300C0BB94 /* BundleExtension.swift in Sources */ = {isa = PBXBuildFile; fileRef = E6FD56CA2A86E3A300C0BB94 /* BundleExtension.swift */; };
		E6FD56CD2A86E76200C0BB94 /* MockResponse.swift in Sources */ = {isa = PBXBuildFile; fileRef = E6FD56CC2A86E76200C0BB94 /* MockResponse.swift */; };
		E6FD56D12A86EB6100C0BB94 /* CoverModel.swift in Sources */ = {isa = PBXBuildFile; fileRef = E6FD56D02A86EB6100C0BB94 /* CoverModel.swift */; };
		E6FD56D32A86EBC300C0BB94 /* CoverImageView.swift in Sources */ = {isa = PBXBuildFile; fileRef = E6FD56D22A86EBC300C0BB94 /* CoverImageView.swift */; };
		E6FD56D72A86F1C200C0BB94 /* BrowseUseCase.swift in Sources */ = {isa = PBXBuildFile; fileRef = E6FD56D62A86F1C200C0BB94 /* BrowseUseCase.swift */; };
		E6FD56D92A8A7D6700C0BB94 /* ComponentsPreviewViewModel.swift in Sources */ = {isa = PBXBuildFile; fileRef = E6FD56D82A8A7D6700C0BB94 /* ComponentsPreviewViewModel.swift */; };
		E6FD56DB2A8A855200C0BB94 /* BrowseViewModel.swift in Sources */ = {isa = PBXBuildFile; fileRef = E6FD56DA2A8A855200C0BB94 /* BrowseViewModel.swift */; };
		E6FD56DE2A8A962500C0BB94 /* SkeletonUI in Frameworks */ = {isa = PBXBuildFile; productRef = E6FD56DD2A8A962500C0BB94 /* SkeletonUI */; };
/* End PBXBuildFile section */

/* Begin PBXFileReference section */
		E63BD9222A8CFE9B008C292D /* AnimalsListRowView.swift */ = {isa = PBXFileReference; lastKnownFileType = sourcecode.swift; path = AnimalsListRowView.swift; sourceTree = "<group>"; };
		E63BD9242A8CFECD008C292D /* AnimalModel.swift */ = {isa = PBXFileReference; lastKnownFileType = sourcecode.swift; path = AnimalModel.swift; sourceTree = "<group>"; };
		E63BD9282A8D124E008C292D /* DefaultButtonStyle.swift */ = {isa = PBXFileReference; lastKnownFileType = sourcecode.swift; path = DefaultButtonStyle.swift; sourceTree = "<group>"; };
		E65B49B52A950781006E7EFC /* VideoModel.swift */ = {isa = PBXFileReference; lastKnownFileType = sourcecode.swift; path = VideoModel.swift; sourceTree = "<group>"; };
		E65B49B72A950826006E7EFC /* ModelSamples.swift */ = {isa = PBXFileReference; lastKnownFileType = sourcecode.swift; path = ModelSamples.swift; sourceTree = "<group>"; };
		E65B49B92A950FA4006E7EFC /* VideoUseCase.swift */ = {isa = PBXFileReference; lastKnownFileType = sourcecode.swift; path = VideoUseCase.swift; sourceTree = "<group>"; };
		E65B49BB2A9515B5006E7EFC /* VideoListViewModel.swift */ = {isa = PBXFileReference; lastKnownFileType = sourcecode.swift; path = VideoListViewModel.swift; sourceTree = "<group>"; };
		E67454AA2A9900AE00582876 /* VideoPlayerHelper.swift */ = {isa = PBXFileReference; lastKnownFileType = sourcecode.swift; path = VideoPlayerHelper.swift; sourceTree = "<group>"; };
		E67454AC2A99022000582876 /* VideoPlayerView.swift */ = {isa = PBXFileReference; lastKnownFileType = sourcecode.swift; path = VideoPlayerView.swift; sourceTree = "<group>"; };
		E677EC662A93CDC100A53AAF /* AnimalDetailView.swift */ = {isa = PBXFileReference; lastKnownFileType = sourcecode.swift; path = AnimalDetailView.swift; sourceTree = "<group>"; };
		E677EC6A2A93D34C00A53AAF /* HeadingView.swift */ = {isa = PBXFileReference; lastKnownFileType = sourcecode.swift; path = HeadingView.swift; sourceTree = "<group>"; };
		E677EC6C2A93D71500A53AAF /* InsetGalleryView.swift */ = {isa = PBXFileReference; lastKnownFileType = sourcecode.swift; path = InsetGalleryView.swift; sourceTree = "<group>"; };
		E677EC6E2A93EF5C00A53AAF /* FactsInsetView.swift */ = {isa = PBXFileReference; lastKnownFileType = sourcecode.swift; path = FactsInsetView.swift; sourceTree = "<group>"; };
		E677EC702A93F2F700A53AAF /* InsetMapView.swift */ = {isa = PBXFileReference; lastKnownFileType = sourcecode.swift; path = InsetMapView.swift; sourceTree = "<group>"; };
		E677EC722A93F9EC00A53AAF /* ExternalWeblinkView.swift */ = {isa = PBXFileReference; lastKnownFileType = sourcecode.swift; path = ExternalWeblinkView.swift; sourceTree = "<group>"; };
		E69CC8A62A8684E200D3AE08 /* Africa.app */ = {isa = PBXFileReference; explicitFileType = wrapper.application; includeInIndex = 0; path = Africa.app; sourceTree = BUILT_PRODUCTS_DIR; };
		E69CC8A92A8684E200D3AE08 /* AfricaApp.swift */ = {isa = PBXFileReference; lastKnownFileType = sourcecode.swift; path = AfricaApp.swift; sourceTree = "<group>"; };
		E69CC8AD2A8684E300D3AE08 /* Assets.xcassets */ = {isa = PBXFileReference; lastKnownFileType = folder.assetcatalog; path = Assets.xcassets; sourceTree = "<group>"; };
		E69CC8B02A8684E300D3AE08 /* Preview Assets.xcassets */ = {isa = PBXFileReference; lastKnownFileType = folder.assetcatalog; path = "Preview Assets.xcassets"; sourceTree = "<group>"; };
		E6D517142A8ABB7000FBA0B7 /* LoaderView.swift */ = {isa = PBXFileReference; lastKnownFileType = sourcecode.swift; path = LoaderView.swift; sourceTree = "<group>"; };
		E6D517162A8BE5EE00FBA0B7 /* ErrorView.swift */ = {isa = PBXFileReference; lastKnownFileType = sourcecode.swift; path = ErrorView.swift; sourceTree = "<group>"; };
		E6E456B12A952DEF009BB8CF /* VideoListItemView.swift */ = {isa = PBXFileReference; lastKnownFileType = sourcecode.swift; path = VideoListItemView.swift; sourceTree = "<group>"; };
		E6EA4CBA2A992DAC002D3900 /* MapViewModel.swift */ = {isa = PBXFileReference; lastKnownFileType = sourcecode.swift; path = MapViewModel.swift; sourceTree = "<group>"; };
		E6EA4CBC2A992E6E002D3900 /* LocationUseCase.swift */ = {isa = PBXFileReference; lastKnownFileType = sourcecode.swift; path = LocationUseCase.swift; sourceTree = "<group>"; };
		E6EA4CBE2A992EEC002D3900 /* ParkLocationModel.swift */ = {isa = PBXFileReference; lastKnownFileType = sourcecode.swift; path = ParkLocationModel.swift; sourceTree = "<group>"; };
		E6EA4CC02A9935ED002D3900 /* MapAnotationView.swift */ = {isa = PBXFileReference; lastKnownFileType = sourcecode.swift; path = MapAnotationView.swift; sourceTree = "<group>"; };
		E6FD56972A86858300C0BB94 /* animals.json */ = {isa = PBXFileReference; fileEncoding = 4; lastKnownFileType = text.json; path = animals.json; sourceTree = "<group>"; };
		E6FD56982A86858300C0BB94 /* locations.json */ = {isa = PBXFileReference; fileEncoding = 4; lastKnownFileType = text.json; path = locations.json; sourceTree = "<group>"; };
		E6FD56992A86858300C0BB94 /* videos.json */ = {isa = PBXFileReference; fileEncoding = 4; lastKnownFileType = text.json; path = videos.json; sourceTree = "<group>"; };
		E6FD569A2A86858300C0BB94 /* covers.json */ = {isa = PBXFileReference; fileEncoding = 4; lastKnownFileType = text.json; path = covers.json; sourceTree = "<group>"; };
		E6FD56A12A8687A500C0BB94 /* MainTabView.swift */ = {isa = PBXFileReference; lastKnownFileType = sourcecode.swift; path = MainTabView.swift; sourceTree = "<group>"; };
		E6FD56A32A8687DF00C0BB94 /* BrowseView.swift */ = {isa = PBXFileReference; lastKnownFileType = sourcecode.swift; path = BrowseView.swift; sourceTree = "<group>"; };
		E6FD56A52A8687F900C0BB94 /* VideoListView.swift */ = {isa = PBXFileReference; lastKnownFileType = sourcecode.swift; path = VideoListView.swift; sourceTree = "<group>"; };
		E6FD56A72A86880200C0BB94 /* MapView.swift */ = {isa = PBXFileReference; lastKnownFileType = sourcecode.swift; path = MapView.swift; sourceTree = "<group>"; };
		E6FD56A92A86883900C0BB94 /* GalleryView.swift */ = {isa = PBXFileReference; lastKnownFileType = sourcecode.swift; path = GalleryView.swift; sourceTree = "<group>"; };
		E6FD56AB2A868A8F00C0BB94 /* Info.plist */ = {isa = PBXFileReference; lastKnownFileType = text.plist; path = Info.plist; sourceTree = "<group>"; };
		E6FD56B12A868DA900C0BB94 /* lion.mp4 */ = {isa = PBXFileReference; lastKnownFileType = file; path = lion.mp4; sourceTree = "<group>"; };
		E6FD56B22A868DA900C0BB94 /* cheetah.mp4 */ = {isa = PBXFileReference; lastKnownFileType = file; path = cheetah.mp4; sourceTree = "<group>"; };
		E6FD56B32A868DA900C0BB94 /* gorilla.mp4 */ = {isa = PBXFileReference; lastKnownFileType = file; path = gorilla.mp4; sourceTree = "<group>"; };
		E6FD56B42A868DA900C0BB94 /* giraffe.mp4 */ = {isa = PBXFileReference; lastKnownFileType = file; path = giraffe.mp4; sourceTree = "<group>"; };
		E6FD56B52A868DAA00C0BB94 /* lioness.mp4 */ = {isa = PBXFileReference; lastKnownFileType = file; path = lioness.mp4; sourceTree = "<group>"; };
		E6FD56B62A868DAA00C0BB94 /* rhino.mp4 */ = {isa = PBXFileReference; lastKnownFileType = file; path = rhino.mp4; sourceTree = "<group>"; };
		E6FD56B72A868DAA00C0BB94 /* elephant.mp4 */ = {isa = PBXFileReference; lastKnownFileType = file; path = elephant.mp4; sourceTree = "<group>"; };
		E6FD56B82A868DAA00C0BB94 /* zebra.mp4 */ = {isa = PBXFileReference; lastKnownFileType = file; path = zebra.mp4; sourceTree = "<group>"; };
		E6FD56B92A868DAB00C0BB94 /* hippo.mp4 */ = {isa = PBXFileReference; lastKnownFileType = file; path = hippo.mp4; sourceTree = "<group>"; };
		E6FD56BA2A868DAB00C0BB94 /* ostrich.mp4 */ = {isa = PBXFileReference; lastKnownFileType = file; path = ostrich.mp4; sourceTree = "<group>"; };
		E6FD56C72A8691A400C0BB94 /* LaunchScreen.storyboard */ = {isa = PBXFileReference; lastKnownFileType = file.storyboard; path = LaunchScreen.storyboard; sourceTree = "<group>"; };
		E6FD56CA2A86E3A300C0BB94 /* BundleExtension.swift */ = {isa = PBXFileReference; lastKnownFileType = sourcecode.swift; path = BundleExtension.swift; sourceTree = "<group>"; };
		E6FD56CC2A86E76200C0BB94 /* MockResponse.swift */ = {isa = PBXFileReference; lastKnownFileType = sourcecode.swift; path = MockResponse.swift; sourceTree = "<group>"; };
		E6FD56D02A86EB6100C0BB94 /* CoverModel.swift */ = {isa = PBXFileReference; lastKnownFileType = sourcecode.swift; path = CoverModel.swift; sourceTree = "<group>"; };
		E6FD56D22A86EBC300C0BB94 /* CoverImageView.swift */ = {isa = PBXFileReference; lastKnownFileType = sourcecode.swift; path = CoverImageView.swift; sourceTree = "<group>"; };
		E6FD56D62A86F1C200C0BB94 /* BrowseUseCase.swift */ = {isa = PBXFileReference; lastKnownFileType = sourcecode.swift; path = BrowseUseCase.swift; sourceTree = "<group>"; };
		E6FD56D82A8A7D6700C0BB94 /* ComponentsPreviewViewModel.swift */ = {isa = PBXFileReference; lastKnownFileType = sourcecode.swift; path = ComponentsPreviewViewModel.swift; sourceTree = "<group>"; };
		E6FD56DA2A8A855200C0BB94 /* BrowseViewModel.swift */ = {isa = PBXFileReference; lastKnownFileType = sourcecode.swift; path = BrowseViewModel.swift; sourceTree = "<group>"; };
/* End PBXFileReference section */

/* Begin PBXFrameworksBuildPhase section */
		E69CC8A32A8684E200D3AE08 /* Frameworks */ = {
			isa = PBXFrameworksBuildPhase;
			buildActionMask = 2147483647;
			files = (
				E6FD56DE2A8A962500C0BB94 /* SkeletonUI in Frameworks */,
			);
			runOnlyForDeploymentPostprocessing = 0;
		};
/* End PBXFrameworksBuildPhase section */

/* Begin PBXGroup section */
		E63BD9262A8D1224008C292D /* Styles */ = {
			isa = PBXGroup;
			children = (
				E63BD9272A8D122B008C292D /* Button */,
			);
			path = Styles;
			sourceTree = "<group>";
		};
		E63BD9272A8D122B008C292D /* Button */ = {
			isa = PBXGroup;
			children = (
				E63BD9282A8D124E008C292D /* DefaultButtonStyle.swift */,
			);
			path = Button;
			sourceTree = "<group>";
		};
		E67454A92A99009B00582876 /* Helper */ = {
			isa = PBXGroup;
			children = (
				E67454AA2A9900AE00582876 /* VideoPlayerHelper.swift */,
			);
			path = Helper;
			sourceTree = "<group>";
		};
		E69CC89D2A8684E200D3AE08 = {
			isa = PBXGroup;
			children = (
				E69CC8A82A8684E200D3AE08 /* Africa */,
				E69CC8A72A8684E200D3AE08 /* Products */,
			);
			sourceTree = "<group>";
		};
		E69CC8A72A8684E200D3AE08 /* Products */ = {
			isa = PBXGroup;
			children = (
				E69CC8A62A8684E200D3AE08 /* Africa.app */,
			);
			name = Products;
			sourceTree = "<group>";
		};
		E69CC8A82A8684E200D3AE08 /* Africa */ = {
			isa = PBXGroup;
			children = (
				E67454A92A99009B00582876 /* Helper */,
				E63BD9262A8D1224008C292D /* Styles */,
				E6FD56D52A86F13300C0BB94 /* UseCases */,
				E6FD56CF2A86EB3300C0BB94 /* Model */,
				E6FD56CE2A86EB0A00C0BB94 /* Components */,
				E6FD56C92A86E38E00C0BB94 /* Extensions */,
				E6FD56AB2A868A8F00C0BB94 /* Info.plist */,
				E6FD56A02A86877B00C0BB94 /* Screens */,
				E6FD56962A86855D00C0BB94 /* Video */,
				E6FD56952A86855500C0BB94 /* Mock */,
				E6FD56942A86854F00C0BB94 /* App */,
				E69CC8AF2A8684E300D3AE08 /* Preview Content */,
			);
			path = Africa;
			sourceTree = "<group>";
		};
		E69CC8AF2A8684E300D3AE08 /* Preview Content */ = {
			isa = PBXGroup;
			children = (
				E69CC8B02A8684E300D3AE08 /* Preview Assets.xcassets */,
			);
			path = "Preview Content";
			sourceTree = "<group>";
		};
		E6FD56942A86854F00C0BB94 /* App */ = {
			isa = PBXGroup;
			children = (
				E69CC8A92A8684E200D3AE08 /* AfricaApp.swift */,
				E69CC8AD2A8684E300D3AE08 /* Assets.xcassets */,
			);
			path = App;
			sourceTree = "<group>";
		};
		E6FD56952A86855500C0BB94 /* Mock */ = {
			isa = PBXGroup;
			children = (
				E6FD56CC2A86E76200C0BB94 /* MockResponse.swift */,
				E6FD56972A86858300C0BB94 /* animals.json */,
				E6FD569A2A86858300C0BB94 /* covers.json */,
				E6FD56982A86858300C0BB94 /* locations.json */,
				E6FD56992A86858300C0BB94 /* videos.json */,
			);
			path = Mock;
			sourceTree = "<group>";
		};
		E6FD56962A86855D00C0BB94 /* Video */ = {
			isa = PBXGroup;
			children = (
				E6FD56B22A868DA900C0BB94 /* cheetah.mp4 */,
				E6FD56B72A868DAA00C0BB94 /* elephant.mp4 */,
				E6FD56B42A868DA900C0BB94 /* giraffe.mp4 */,
				E6FD56B32A868DA900C0BB94 /* gorilla.mp4 */,
				E6FD56B92A868DAB00C0BB94 /* hippo.mp4 */,
				E6FD56B12A868DA900C0BB94 /* lion.mp4 */,
				E6FD56B52A868DAA00C0BB94 /* lioness.mp4 */,
				E6FD56BA2A868DAB00C0BB94 /* ostrich.mp4 */,
				E6FD56B62A868DAA00C0BB94 /* rhino.mp4 */,
				E6FD56B82A868DAA00C0BB94 /* zebra.mp4 */,
			);
			path = Video;
			sourceTree = "<group>";
		};
		E6FD56A02A86877B00C0BB94 /* Screens */ = {
			isa = PBXGroup;
			children = (
				E6FD56C72A8691A400C0BB94 /* LaunchScreen.storyboard */,
				E6FD56A12A8687A500C0BB94 /* MainTabView.swift */,
				E6FD56B02A868D5200C0BB94 /* GalleryFeature */,
				E6FD56AE2A868D3C00C0BB94 /* VideoFeature */,
				E6FD56AD2A868D2A00C0BB94 /* LocationFeature */,
				E6FD56AC2A868D1900C0BB94 /* BrowseFeature */,
			);
			path = Screens;
			sourceTree = "<group>";
		};
		E6FD56AC2A868D1900C0BB94 /* BrowseFeature */ = {
			isa = PBXGroup;
			children = (
				E6FD56A32A8687DF00C0BB94 /* BrowseView.swift */,
				E6FD56DA2A8A855200C0BB94 /* BrowseViewModel.swift */,
				E677EC662A93CDC100A53AAF /* AnimalDetailView.swift */,
			);
			path = BrowseFeature;
			sourceTree = "<group>";
		};
		E6FD56AD2A868D2A00C0BB94 /* LocationFeature */ = {
			isa = PBXGroup;
			children = (
				E6FD56A72A86880200C0BB94 /* MapView.swift */,
				E6EA4CBA2A992DAC002D3900 /* MapViewModel.swift */,
			);
			path = LocationFeature;
			sourceTree = "<group>";
		};
		E6FD56AE2A868D3C00C0BB94 /* VideoFeature */ = {
			isa = PBXGroup;
			children = (
				E6FD56A52A8687F900C0BB94 /* VideoListView.swift */,
				E65B49BB2A9515B5006E7EFC /* VideoListViewModel.swift */,
			);
			path = VideoFeature;
			sourceTree = "<group>";
		};
		E6FD56B02A868D5200C0BB94 /* GalleryFeature */ = {
			isa = PBXGroup;
			children = (
				E6FD56A92A86883900C0BB94 /* GalleryView.swift */,
			);
			path = GalleryFeature;
			sourceTree = "<group>";
		};
		E6FD56C92A86E38E00C0BB94 /* Extensions */ = {
			isa = PBXGroup;
			children = (
				E6FD56CA2A86E3A300C0BB94 /* BundleExtension.swift */,
			);
			path = Extensions;
			sourceTree = "<group>";
		};
		E6FD56CE2A86EB0A00C0BB94 /* Components */ = {
			isa = PBXGroup;
			children = (
				E6FD56D22A86EBC300C0BB94 /* CoverImageView.swift */,
				E6FD56D82A8A7D6700C0BB94 /* ComponentsPreviewViewModel.swift */,
				E6D517142A8ABB7000FBA0B7 /* LoaderView.swift */,
				E6D517162A8BE5EE00FBA0B7 /* ErrorView.swift */,
				E63BD9222A8CFE9B008C292D /* AnimalsListRowView.swift */,
				E677EC6A2A93D34C00A53AAF /* HeadingView.swift */,
				E677EC6C2A93D71500A53AAF /* InsetGalleryView.swift */,
				E677EC6E2A93EF5C00A53AAF /* FactsInsetView.swift */,
				E677EC702A93F2F700A53AAF /* InsetMapView.swift */,
				E677EC722A93F9EC00A53AAF /* ExternalWeblinkView.swift */,
				E6E456B12A952DEF009BB8CF /* VideoListItemView.swift */,
				E67454AC2A99022000582876 /* VideoPlayerView.swift */,
				E6EA4CC02A9935ED002D3900 /* MapAnotationView.swift */,
			);
			path = Components;
			sourceTree = "<group>";
		};
		E6FD56CF2A86EB3300C0BB94 /* Model */ = {
			isa = PBXGroup;
			children = (
				E6FD56D02A86EB6100C0BB94 /* CoverModel.swift */,
				E63BD9242A8CFECD008C292D /* AnimalModel.swift */,
				E65B49B52A950781006E7EFC /* VideoModel.swift */,
				E65B49B72A950826006E7EFC /* ModelSamples.swift */,
				E6EA4CBE2A992EEC002D3900 /* ParkLocationModel.swift */,
			);
			path = Model;
			sourceTree = "<group>";
		};
		E6FD56D52A86F13300C0BB94 /* UseCases */ = {
			isa = PBXGroup;
			children = (
				E6FD56D62A86F1C200C0BB94 /* BrowseUseCase.swift */,
				E65B49B92A950FA4006E7EFC /* VideoUseCase.swift */,
				E6EA4CBC2A992E6E002D3900 /* LocationUseCase.swift */,
			);
			path = UseCases;
			sourceTree = "<group>";
		};
/* End PBXGroup section */

/* Begin PBXNativeTarget section */
		E69CC8A52A8684E200D3AE08 /* Africa */ = {
			isa = PBXNativeTarget;
			buildConfigurationList = E69CC8B42A8684E300D3AE08 /* Build configuration list for PBXNativeTarget "Africa" */;
			buildPhases = (
				E69CC8A22A8684E200D3AE08 /* Sources */,
				E69CC8A32A8684E200D3AE08 /* Frameworks */,
				E69CC8A42A8684E200D3AE08 /* Resources */,
			);
			buildRules = (
			);
			dependencies = (
			);
			name = Africa;
			packageProductDependencies = (
				E6FD56DD2A8A962500C0BB94 /* SkeletonUI */,
			);
			productName = Africa;
			productReference = E69CC8A62A8684E200D3AE08 /* Africa.app */;
			productType = "com.apple.product-type.application";
		};
/* End PBXNativeTarget section */

/* Begin PBXProject section */
		E69CC89E2A8684E200D3AE08 /* Project object */ = {
			isa = PBXProject;
			attributes = {
				BuildIndependentTargetsInParallel = 1;
				LastSwiftUpdateCheck = 1430;
				LastUpgradeCheck = 1430;
				TargetAttributes = {
					E69CC8A52A8684E200D3AE08 = {
						CreatedOnToolsVersion = 14.3.1;
					};
				};
			};
			buildConfigurationList = E69CC8A12A8684E200D3AE08 /* Build configuration list for PBXProject "Africa" */;
			compatibilityVersion = "Xcode 14.0";
			developmentRegion = en;
			hasScannedForEncodings = 0;
			knownRegions = (
				en,
				Base,
			);
			mainGroup = E69CC89D2A8684E200D3AE08;
			packageReferences = (
				E6FD56DC2A8A962500C0BB94 /* XCRemoteSwiftPackageReference "SkeletonUI" */,
			);
			productRefGroup = E69CC8A72A8684E200D3AE08 /* Products */;
			projectDirPath = "";
			projectRoot = "";
			targets = (
				E69CC8A52A8684E200D3AE08 /* Africa */,
			);
		};
/* End PBXProject section */

/* Begin PBXResourcesBuildPhase section */
		E69CC8A42A8684E200D3AE08 /* Resources */ = {
			isa = PBXResourcesBuildPhase;
			buildActionMask = 2147483647;
			files = (
				E6FD56C02A868DAB00C0BB94 /* rhino.mp4 in Resources */,
				E6FD569B2A86858300C0BB94 /* animals.json in Resources */,
				E6FD56BF2A868DAB00C0BB94 /* lioness.mp4 in Resources */,
				E6FD56BD2A868DAB00C0BB94 /* gorilla.mp4 in Resources */,
				E6FD569E2A86858300C0BB94 /* covers.json in Resources */,
				E6FD56C12A868DAB00C0BB94 /* elephant.mp4 in Resources */,
				E6FD56C42A868DAB00C0BB94 /* ostrich.mp4 in Resources */,
				E6FD56C82A8691A400C0BB94 /* LaunchScreen.storyboard in Resources */,
				E6FD56BB2A868DAB00C0BB94 /* lion.mp4 in Resources */,
				E6FD56BE2A868DAB00C0BB94 /* giraffe.mp4 in Resources */,
				E69CC8B12A8684E300D3AE08 /* Preview Assets.xcassets in Resources */,
				E6FD56BC2A868DAB00C0BB94 /* cheetah.mp4 in Resources */,
				E6FD56C32A868DAB00C0BB94 /* hippo.mp4 in Resources */,
				E6FD569D2A86858300C0BB94 /* videos.json in Resources */,
				E6FD569C2A86858300C0BB94 /* locations.json in Resources */,
				E6FD56C22A868DAB00C0BB94 /* zebra.mp4 in Resources */,
				E69CC8AE2A8684E300D3AE08 /* Assets.xcassets in Resources */,
			);
			runOnlyForDeploymentPostprocessing = 0;
		};
/* End PBXResourcesBuildPhase section */

/* Begin PBXSourcesBuildPhase section */
		E69CC8A22A8684E200D3AE08 /* Sources */ = {
			isa = PBXSourcesBuildPhase;
			buildActionMask = 2147483647;
			files = (
				E6FD56AA2A86883900C0BB94 /* GalleryView.swift in Sources */,
				E63BD9292A8D124E008C292D /* DefaultButtonStyle.swift in Sources */,
				E6E456B22A952DEF009BB8CF /* VideoListItemView.swift in Sources */,
				E6FD56A42A8687DF00C0BB94 /* BrowseView.swift in Sources */,
				E677EC712A93F2F700A53AAF /* InsetMapView.swift in Sources */,
				E6FD56D32A86EBC300C0BB94 /* CoverImageView.swift in Sources */,
				E6D517152A8ABB7000FBA0B7 /* LoaderView.swift in Sources */,
				E6EA4CBD2A992E6E002D3900 /* LocationUseCase.swift in Sources */,
				E6FD56A82A86880200C0BB94 /* MapView.swift in Sources */,
				E677EC6F2A93EF5C00A53AAF /* FactsInsetView.swift in Sources */,
				E67454AD2A99022000582876 /* VideoPlayerView.swift in Sources */,
				E677EC672A93CDC100A53AAF /* AnimalDetailView.swift in Sources */,
				E67454AB2A9900AE00582876 /* VideoPlayerHelper.swift in Sources */,
				E6FD56DB2A8A855200C0BB94 /* BrowseViewModel.swift in Sources */,
				E65B49BC2A9515B5006E7EFC /* VideoListViewModel.swift in Sources */,
				E63BD9252A8CFECD008C292D /* AnimalModel.swift in Sources */,
				E6EA4CBF2A992EEC002D3900 /* ParkLocationModel.swift in Sources */,
				E65B49B82A950826006E7EFC /* ModelSamples.swift in Sources */,
				E6FD56CB2A86E3A300C0BB94 /* BundleExtension.swift in Sources */,
				E63BD9232A8CFE9B008C292D /* AnimalsListRowView.swift in Sources */,
				E65B49BA2A950FA4006E7EFC /* VideoUseCase.swift in Sources */,
				E677EC6D2A93D71500A53AAF /* InsetGalleryView.swift in Sources */,
				E677EC732A93F9EC00A53AAF /* ExternalWeblinkView.swift in Sources */,
				E677EC6B2A93D34C00A53AAF /* HeadingView.swift in Sources */,
				E6EA4CC12A9935ED002D3900 /* MapAnotationView.swift in Sources */,
				E6FD56A62A8687F900C0BB94 /* VideoListView.swift in Sources */,
				E6EA4CBB2A992DAC002D3900 /* MapViewModel.swift in Sources */,
				E6FD56D92A8A7D6700C0BB94 /* ComponentsPreviewViewModel.swift in Sources */,
				E69CC8AA2A8684E200D3AE08 /* AfricaApp.swift in Sources */,
				E6D517172A8BE5EE00FBA0B7 /* ErrorView.swift in Sources */,
				E6FD56CD2A86E76200C0BB94 /* MockResponse.swift in Sources */,
				E6FD56A22A8687A500C0BB94 /* MainTabView.swift in Sources */,
				E6FD56D12A86EB6100C0BB94 /* CoverModel.swift in Sources */,
				E65B49B62A950781006E7EFC /* VideoModel.swift in Sources */,
				E6FD56D72A86F1C200C0BB94 /* BrowseUseCase.swift in Sources */,
			);
			runOnlyForDeploymentPostprocessing = 0;
		};
/* End PBXSourcesBuildPhase section */

/* Begin XCBuildConfiguration section */
		E69CC8B22A8684E300D3AE08 /* Debug */ = {
			isa = XCBuildConfiguration;
			buildSettings = {
				ALWAYS_SEARCH_USER_PATHS = NO;
				CLANG_ANALYZER_NONNULL = YES;
				CLANG_ANALYZER_NUMBER_OBJECT_CONVERSION = YES_AGGRESSIVE;
				CLANG_CXX_LANGUAGE_STANDARD = "gnu++20";
				CLANG_ENABLE_MODULES = YES;
				CLANG_ENABLE_OBJC_ARC = YES;
				CLANG_ENABLE_OBJC_WEAK = YES;
				CLANG_WARN_BLOCK_CAPTURE_AUTORELEASING = YES;
				CLANG_WARN_BOOL_CONVERSION = YES;
				CLANG_WARN_COMMA = YES;
				CLANG_WARN_CONSTANT_CONVERSION = YES;
				CLANG_WARN_DEPRECATED_OBJC_IMPLEMENTATIONS = YES;
				CLANG_WARN_DIRECT_OBJC_ISA_USAGE = YES_ERROR;
				CLANG_WARN_DOCUMENTATION_COMMENTS = YES;
				CLANG_WARN_EMPTY_BODY = YES;
				CLANG_WARN_ENUM_CONVERSION = YES;
				CLANG_WARN_INFINITE_RECURSION = YES;
				CLANG_WARN_INT_CONVERSION = YES;
				CLANG_WARN_NON_LITERAL_NULL_CONVERSION = YES;
				CLANG_WARN_OBJC_IMPLICIT_RETAIN_SELF = YES;
				CLANG_WARN_OBJC_LITERAL_CONVERSION = YES;
				CLANG_WARN_OBJC_ROOT_CLASS = YES_ERROR;
				CLANG_WARN_QUOTED_INCLUDE_IN_FRAMEWORK_HEADER = YES;
				CLANG_WARN_RANGE_LOOP_ANALYSIS = YES;
				CLANG_WARN_STRICT_PROTOTYPES = YES;
				CLANG_WARN_SUSPICIOUS_MOVE = YES;
				CLANG_WARN_UNGUARDED_AVAILABILITY = YES_AGGRESSIVE;
				CLANG_WARN_UNREACHABLE_CODE = YES;
				CLANG_WARN__DUPLICATE_METHOD_MATCH = YES;
				COPY_PHASE_STRIP = NO;
				DEBUG_INFORMATION_FORMAT = dwarf;
				ENABLE_STRICT_OBJC_MSGSEND = YES;
				ENABLE_TESTABILITY = YES;
				GCC_C_LANGUAGE_STANDARD = gnu11;
				GCC_DYNAMIC_NO_PIC = NO;
				GCC_NO_COMMON_BLOCKS = YES;
				GCC_OPTIMIZATION_LEVEL = 0;
				GCC_PREPROCESSOR_DEFINITIONS = (
					"DEBUG=1",
					"$(inherited)",
				);
				GCC_WARN_64_TO_32_BIT_CONVERSION = YES;
				GCC_WARN_ABOUT_RETURN_TYPE = YES_ERROR;
				GCC_WARN_UNDECLARED_SELECTOR = YES;
				GCC_WARN_UNINITIALIZED_AUTOS = YES_AGGRESSIVE;
				GCC_WARN_UNUSED_FUNCTION = YES;
				GCC_WARN_UNUSED_VARIABLE = YES;
				IPHONEOS_DEPLOYMENT_TARGET = 16.4;
				MTL_ENABLE_DEBUG_INFO = INCLUDE_SOURCE;
				MTL_FAST_MATH = YES;
				ONLY_ACTIVE_ARCH = YES;
				SDKROOT = iphoneos;
				SWIFT_ACTIVE_COMPILATION_CONDITIONS = DEBUG;
				SWIFT_OPTIMIZATION_LEVEL = "-Onone";
			};
			name = Debug;
		};
		E69CC8B32A8684E300D3AE08 /* Release */ = {
			isa = XCBuildConfiguration;
			buildSettings = {
				ALWAYS_SEARCH_USER_PATHS = NO;
				CLANG_ANALYZER_NONNULL = YES;
				CLANG_ANALYZER_NUMBER_OBJECT_CONVERSION = YES_AGGRESSIVE;
				CLANG_CXX_LANGUAGE_STANDARD = "gnu++20";
				CLANG_ENABLE_MODULES = YES;
				CLANG_ENABLE_OBJC_ARC = YES;
				CLANG_ENABLE_OBJC_WEAK = YES;
				CLANG_WARN_BLOCK_CAPTURE_AUTORELEASING = YES;
				CLANG_WARN_BOOL_CONVERSION = YES;
				CLANG_WARN_COMMA = YES;
				CLANG_WARN_CONSTANT_CONVERSION = YES;
				CLANG_WARN_DEPRECATED_OBJC_IMPLEMENTATIONS = YES;
				CLANG_WARN_DIRECT_OBJC_ISA_USAGE = YES_ERROR;
				CLANG_WARN_DOCUMENTATION_COMMENTS = YES;
				CLANG_WARN_EMPTY_BODY = YES;
				CLANG_WARN_ENUM_CONVERSION = YES;
				CLANG_WARN_INFINITE_RECURSION = YES;
				CLANG_WARN_INT_CONVERSION = YES;
				CLANG_WARN_NON_LITERAL_NULL_CONVERSION = YES;
				CLANG_WARN_OBJC_IMPLICIT_RETAIN_SELF = YES;
				CLANG_WARN_OBJC_LITERAL_CONVERSION = YES;
				CLANG_WARN_OBJC_ROOT_CLASS = YES_ERROR;
				CLANG_WARN_QUOTED_INCLUDE_IN_FRAMEWORK_HEADER = YES;
				CLANG_WARN_RANGE_LOOP_ANALYSIS = YES;
				CLANG_WARN_STRICT_PROTOTYPES = YES;
				CLANG_WARN_SUSPICIOUS_MOVE = YES;
				CLANG_WARN_UNGUARDED_AVAILABILITY = YES_AGGRESSIVE;
				CLANG_WARN_UNREACHABLE_CODE = YES;
				CLANG_WARN__DUPLICATE_METHOD_MATCH = YES;
				COPY_PHASE_STRIP = NO;
				DEBUG_INFORMATION_FORMAT = "dwarf-with-dsym";
				ENABLE_NS_ASSERTIONS = NO;
				ENABLE_STRICT_OBJC_MSGSEND = YES;
				GCC_C_LANGUAGE_STANDARD = gnu11;
				GCC_NO_COMMON_BLOCKS = YES;
				GCC_WARN_64_TO_32_BIT_CONVERSION = YES;
				GCC_WARN_ABOUT_RETURN_TYPE = YES_ERROR;
				GCC_WARN_UNDECLARED_SELECTOR = YES;
				GCC_WARN_UNINITIALIZED_AUTOS = YES_AGGRESSIVE;
				GCC_WARN_UNUSED_FUNCTION = YES;
				GCC_WARN_UNUSED_VARIABLE = YES;
				IPHONEOS_DEPLOYMENT_TARGET = 16.4;
				MTL_ENABLE_DEBUG_INFO = NO;
				MTL_FAST_MATH = YES;
				SDKROOT = iphoneos;
				SWIFT_COMPILATION_MODE = wholemodule;
				SWIFT_OPTIMIZATION_LEVEL = "-O";
				VALIDATE_PRODUCT = YES;
			};
			name = Release;
		};
		E69CC8B52A8684E300D3AE08 /* Debug */ = {
			isa = XCBuildConfiguration;
			buildSettings = {
				ASSETCATALOG_COMPILER_APPICON_NAME = AppIcon;
				ASSETCATALOG_COMPILER_GLOBAL_ACCENT_COLOR_NAME = AccentColor;
				CODE_SIGN_STYLE = Automatic;
				CURRENT_PROJECT_VERSION = 1;
				DEVELOPMENT_ASSET_PATHS = "\"Africa/Preview Content\"";
				DEVELOPMENT_TEAM = VMS7N3ZWG9;
				ENABLE_PREVIEWS = YES;
				GENERATE_INFOPLIST_FILE = YES;
				INFOPLIST_FILE = Africa/Info.plist;
				INFOPLIST_KEY_LSApplicationCategoryType = "";
				INFOPLIST_KEY_UIApplicationSceneManifest_Generation = YES;
				INFOPLIST_KEY_UIApplicationSupportsIndirectInputEvents = YES;
				INFOPLIST_KEY_UILaunchStoryboardName = LaunchScreen.storyboard;
				INFOPLIST_KEY_UISupportedInterfaceOrientations_iPad = "UIInterfaceOrientationPortrait UIInterfaceOrientationPortraitUpsideDown UIInterfaceOrientationLandscapeLeft UIInterfaceOrientationLandscapeRight";
				INFOPLIST_KEY_UISupportedInterfaceOrientations_iPhone = "UIInterfaceOrientationPortrait UIInterfaceOrientationLandscapeLeft UIInterfaceOrientationLandscapeRight";
				INFOPLIST_KEY_UIUserInterfaceStyle = Dark;
				LD_RUNPATH_SEARCH_PATHS = (
					"$(inherited)",
					"@executable_path/Frameworks",
				);
				MARKETING_VERSION = 1.0;
				PRODUCT_BUNDLE_IDENTIFIER = com.luxkscastro.Africa;
				PRODUCT_NAME = "$(TARGET_NAME)";
				SWIFT_EMIT_LOC_STRINGS = YES;
				SWIFT_VERSION = 5.0;
				TARGETED_DEVICE_FAMILY = "1,2";
			};
			name = Debug;
		};
		E69CC8B62A8684E300D3AE08 /* Release */ = {
			isa = XCBuildConfiguration;
			buildSettings = {
				ASSETCATALOG_COMPILER_APPICON_NAME = AppIcon;
				ASSETCATALOG_COMPILER_GLOBAL_ACCENT_COLOR_NAME = AccentColor;
				CODE_SIGN_STYLE = Automatic;
				CURRENT_PROJECT_VERSION = 1;
				DEVELOPMENT_ASSET_PATHS = "\"Africa/Preview Content\"";
				DEVELOPMENT_TEAM = VMS7N3ZWG9;
				ENABLE_PREVIEWS = YES;
				GENERATE_INFOPLIST_FILE = YES;
				INFOPLIST_FILE = Africa/Info.plist;
				INFOPLIST_KEY_LSApplicationCategoryType = "";
				INFOPLIST_KEY_UIApplicationSceneManifest_Generation = YES;
				INFOPLIST_KEY_UIApplicationSupportsIndirectInputEvents = YES;
				INFOPLIST_KEY_UILaunchStoryboardName = LaunchScreen.storyboard;
				INFOPLIST_KEY_UISupportedInterfaceOrientations_iPad = "UIInterfaceOrientationPortrait UIInterfaceOrientationPortraitUpsideDown UIInterfaceOrientationLandscapeLeft UIInterfaceOrientationLandscapeRight";
				INFOPLIST_KEY_UISupportedInterfaceOrientations_iPhone = "UIInterfaceOrientationPortrait UIInterfaceOrientationLandscapeLeft UIInterfaceOrientationLandscapeRight";
				INFOPLIST_KEY_UIUserInterfaceStyle = Dark;
				LD_RUNPATH_SEARCH_PATHS = (
					"$(inherited)",
					"@executable_path/Frameworks",
				);
				MARKETING_VERSION = 1.0;
				PRODUCT_BUNDLE_IDENTIFIER = com.luxkscastro.Africa;
				PRODUCT_NAME = "$(TARGET_NAME)";
				SWIFT_EMIT_LOC_STRINGS = YES;
				SWIFT_VERSION = 5.0;
				TARGETED_DEVICE_FAMILY = "1,2";
			};
			name = Release;
		};
/* End XCBuildConfiguration section */

/* Begin XCConfigurationList section */
		E69CC8A12A8684E200D3AE08 /* Build configuration list for PBXProject "Africa" */ = {
			isa = XCConfigurationList;
			buildConfigurations = (
				E69CC8B22A8684E300D3AE08 /* Debug */,
				E69CC8B32A8684E300D3AE08 /* Release */,
			);
			defaultConfigurationIsVisible = 0;
			defaultConfigurationName = Release;
		};
		E69CC8B42A8684E300D3AE08 /* Build configuration list for PBXNativeTarget "Africa" */ = {
			isa = XCConfigurationList;
			buildConfigurations = (
				E69CC8B52A8684E300D3AE08 /* Debug */,
				E69CC8B62A8684E300D3AE08 /* Release */,
			);
			defaultConfigurationIsVisible = 0;
			defaultConfigurationName = Release;
		};
/* End XCConfigurationList section */

/* Begin XCRemoteSwiftPackageReference section */
		E6FD56DC2A8A962500C0BB94 /* XCRemoteSwiftPackageReference "SkeletonUI" */ = {
			isa = XCRemoteSwiftPackageReference;
			repositoryURL = "https://github.com/CSolanaM/SkeletonUI.git";
			requirement = {
				kind = upToNextMajorVersion;
				minimumVersion = 1.0.11;
			};
		};
/* End XCRemoteSwiftPackageReference section */

/* Begin XCSwiftPackageProductDependency section */
		E6FD56DD2A8A962500C0BB94 /* SkeletonUI */ = {
			isa = XCSwiftPackageProductDependency;
			package = E6FD56DC2A8A962500C0BB94 /* XCRemoteSwiftPackageReference "SkeletonUI" */;
			productName = SkeletonUI;
		};
/* End XCSwiftPackageProductDependency section */
	};
	rootObject = E69CC89E2A8684E200D3AE08 /* Project object */;
}
